
Microsoft Visual Studio Solution File, Format Version 12.00
# Visual Studio Version 16
VisualStudioVersion = 16.0.30907.101
MinimumVisualStudioVersion = 10.0.40219.1
Project("{8BC9CEB8-8B4A-11D0-8D11-00A0C91BC942}") = "18_5. Классы и объекты.  Наследование. Виртуальные функции. Полиморфизм", "18_5. Классы и объекты.  Наследование. Виртуальные функции. Полиморфизм.vcxproj", "{ECFF0287-9BEE-4DD2-9028-191214935FA5}"
EndProject
Global
	GlobalSection(SolutionConfigurationPlatforms) = preSolution
		Debug|x64 = Debug|x64
		Debug|x86 = Debug|x86
		Release|x64 = Release|x64
		Release|x86 = Release|x86
	EndGlobalSection
	GlobalSection(ProjectConfigurationPlatforms) = postSolution
		{ECFF0287-9BEE-4DD2-9028-191214935FA5}.Debug|x64.ActiveCfg = Debug|x64
		{ECFF0287-9BEE-4DD2-9028-191214935FA5}.Debug|x64.Build.0 = Debug|x64
		{ECFF0287-9BEE-4DD2-9028-191214935FA5}.Debug|x86.ActiveCfg = Debug|Win32
		{ECFF0287-9BEE-4DD2-9028-191214935FA5}.Debug|x86.Build.0 = Debug|Win32
		{ECFF0287-9BEE-4DD2-9028-191214935FA5}.Release|x64.ActiveCfg = Release|x64
		{ECFF0287-9BEE-4DD2-9028-191214935FA5}.Release|x64.Build.0 = Release|x64
		{ECFF0287-9BEE-4DD2-9028-191214935FA5}.Release|x86.ActiveCfg = Release|Win32
		{ECFF0287-9BEE-4DD2-9028-191214935FA5}.Release|x86.Build.0 = Release|Win32
	EndGlobalSection
	GlobalSection(SolutionProperties) = preSolution
		HideSolutionNode = FALSE
	EndGlobalSection
	GlobalSection(ExtensibilityGlobals) = postSolution
		SolutionGuid = {40829F97-9947-4D16-BFEE-C4F4AE866B6A}
	EndGlobalSection
EndGlobal
